// !$*UTF8*$!
{
	archiveVersion = 1;
	classes = {
	};
	objectVersion = 55;
	objects = {

/* Begin PBXBuildFile section */
		365E54A428A2560E00FF4173 /* README.md in Resources */ = {isa = PBXBuildFile; fileRef = 365E54A328A2560E00FF4173 /* README.md */; };
		365E54B028A2578A00FF4173 /* Endpoint.swift in Sources */ = {isa = PBXBuildFile; fileRef = 365E54AF28A2578A00FF4173 /* Endpoint.swift */; };
		365E54B228A2592D00FF4173 /* JSONDataService.swift in Sources */ = {isa = PBXBuildFile; fileRef = 365E54B128A2592D00FF4173 /* JSONDataService.swift */; };
		365E54B428A25A5D00FF4173 /* Countries.swift in Sources */ = {isa = PBXBuildFile; fileRef = 365E54B328A25A5D00FF4173 /* Countries.swift */; };
		365E54B728A25AA100FF4173 /* CountryDetail.swift in Sources */ = {isa = PBXBuildFile; fileRef = 365E54B628A25AA100FF4173 /* CountryDetail.swift */; };
		365E54B928A25AF700FF4173 /* NetworkingManager.swift in Sources */ = {isa = PBXBuildFile; fileRef = 365E54B828A25AF700FF4173 /* NetworkingManager.swift */; };
		365E54BB28A25C8F00FF4173 /* HomeView.swift in Sources */ = {isa = PBXBuildFile; fileRef = 365E54BA28A25C8F00FF4173 /* HomeView.swift */; };
		365E54BD28A25CE800FF4173 /* HomeViewModel.swift in Sources */ = {isa = PBXBuildFile; fileRef = 365E54BC28A25CE800FF4173 /* HomeViewModel.swift */; };
		367C991828A26B7100188064 /* NavBarItem.swift in Sources */ = {isa = PBXBuildFile; fileRef = 367C991628A26B7100188064 /* NavBarItem.swift */; };
		367C991928A26B7100188064 /* CustomTabBarView.swift in Sources */ = {isa = PBXBuildFile; fileRef = 367C991728A26B7100188064 /* CustomTabBarView.swift */; };
		367C991B28A2746E00188064 /* FullWidthButton.swift in Sources */ = {isa = PBXBuildFile; fileRef = 367C991A28A2746E00188064 /* FullWidthButton.swift */; };
		367C991D28A2818700188064 /* Publisher.swift in Sources */ = {isa = PBXBuildFile; fileRef = 367C991C28A2818700188064 /* Publisher.swift */; };
		367C992028A28C4900188064 /* AlertToast in Frameworks */ = {isa = PBXBuildFile; productRef = 367C991F28A28C4900188064 /* AlertToast */; };
		36C65CFC28A255420035ADC9 /* CountriesApp.swift in Sources */ = {isa = PBXBuildFile; fileRef = 36C65CFB28A255420035ADC9 /* CountriesApp.swift */; };
		36C65D0028A255430035ADC9 /* Assets.xcassets in Resources */ = {isa = PBXBuildFile; fileRef = 36C65CFF28A255430035ADC9 /* Assets.xcassets */; };
		36C65D0328A255430035ADC9 /* Preview Assets.xcassets in Resources */ = {isa = PBXBuildFile; fileRef = 36C65D0228A255430035ADC9 /* Preview Assets.xcassets */; };
/* End PBXBuildFile section */

/* Begin PBXFileReference section */
		365E54A328A2560E00FF4173 /* README.md */ = {isa = PBXFileReference; fileEncoding = 4; lastKnownFileType = net.daringfireball.markdown; path = README.md; sourceTree = "<group>"; };
		365E54AF28A2578A00FF4173 /* Endpoint.swift */ = {isa = PBXFileReference; fileEncoding = 4; lastKnownFileType = sourcecode.swift; path = Endpoint.swift; sourceTree = "<group>"; };
		365E54B128A2592D00FF4173 /* JSONDataService.swift */ = {isa = PBXFileReference; fileEncoding = 4; lastKnownFileType = sourcecode.swift; path = JSONDataService.swift; sourceTree = "<group>"; };
		365E54B328A25A5D00FF4173 /* Countries.swift */ = {isa = PBXFileReference; lastKnownFileType = sourcecode.swift; path = Countries.swift; sourceTree = "<group>"; };
		365E54B628A25AA100FF4173 /* CountryDetail.swift */ = {isa = PBXFileReference; lastKnownFileType = sourcecode.swift; path = CountryDetail.swift; sourceTree = "<group>"; };
		365E54B828A25AF700FF4173 /* NetworkingManager.swift */ = {isa = PBXFileReference; fileEncoding = 4; lastKnownFileType = sourcecode.swift; path = NetworkingManager.swift; sourceTree = "<group>"; };
		365E54BA28A25C8F00FF4173 /* HomeView.swift */ = {isa = PBXFileReference; lastKnownFileType = sourcecode.swift; path = HomeView.swift; sourceTree = "<group>"; };
		365E54BC28A25CE800FF4173 /* HomeViewModel.swift */ = {isa = PBXFileReference; lastKnownFileType = sourcecode.swift; path = HomeViewModel.swift; sourceTree = "<group>"; };
		367C991628A26B7100188064 /* NavBarItem.swift */ = {isa = PBXFileReference; fileEncoding = 4; lastKnownFileType = sourcecode.swift; path = NavBarItem.swift; sourceTree = "<group>"; };
		367C991728A26B7100188064 /* CustomTabBarView.swift */ = {isa = PBXFileReference; fileEncoding = 4; lastKnownFileType = sourcecode.swift; path = CustomTabBarView.swift; sourceTree = "<group>"; };
		367C991A28A2746E00188064 /* FullWidthButton.swift */ = {isa = PBXFileReference; lastKnownFileType = sourcecode.swift; path = FullWidthButton.swift; sourceTree = "<group>"; };
		367C991C28A2818700188064 /* Publisher.swift */ = {isa = PBXFileReference; lastKnownFileType = sourcecode.swift; path = Publisher.swift; sourceTree = "<group>"; };
		36C65CF828A255420035ADC9 /* Countries.app */ = {isa = PBXFileReference; explicitFileType = wrapper.application; includeInIndex = 0; path = Countries.app; sourceTree = BUILT_PRODUCTS_DIR; };
		36C65CFB28A255420035ADC9 /* CountriesApp.swift */ = {isa = PBXFileReference; lastKnownFileType = sourcecode.swift; path = CountriesApp.swift; sourceTree = "<group>"; };
		36C65CFF28A255430035ADC9 /* Assets.xcassets */ = {isa = PBXFileReference; lastKnownFileType = folder.assetcatalog; path = Assets.xcassets; sourceTree = "<group>"; };
		36C65D0228A255430035ADC9 /* Preview Assets.xcassets */ = {isa = PBXFileReference; lastKnownFileType = folder.assetcatalog; path = "Preview Assets.xcassets"; sourceTree = "<group>"; };
/* End PBXFileReference section */

/* Begin PBXFrameworksBuildPhase section */
		36C65CF528A255420035ADC9 /* Frameworks */ = {
			isa = PBXFrameworksBuildPhase;
			buildActionMask = 2147483647;
			files = (
				367C992028A28C4900188064 /* AlertToast in Frameworks */,
			);
			runOnlyForDeploymentPostprocessing = 0;
		};
/* End PBXFrameworksBuildPhase section */

/* Begin PBXGroup section */
		365E54A528A256D600FF4173 /* Extension */ = {
			isa = PBXGroup;
			children = (
				367C991C28A2818700188064 /* Publisher.swift */,
			);
			path = Extension;
			sourceTree = "<group>";
		};
		365E54A628A256E400FF4173 /* Component */ = {
			isa = PBXGroup;
			children = (
				367C991528A26B6A00188064 /* CustomTabBar */,
				367C991A28A2746E00188064 /* FullWidthButton.swift */,
			);
			path = Component;
			sourceTree = "<group>";
		};
		365E54A728A256EB00FF4173 /* ViewModel */ = {
			isa = PBXGroup;
			children = (
				365E54BC28A25CE800FF4173 /* HomeViewModel.swift */,
			);
			path = ViewModel;
			sourceTree = "<group>";
		};
		365E54A828A256F000FF4173 /* View */ = {
			isa = PBXGroup;
			children = (
				365E54BA28A25C8F00FF4173 /* HomeView.swift */,
			);
			path = View;
			sourceTree = "<group>";
		};
		365E54A928A256F700FF4173 /* Model */ = {
			isa = PBXGroup;
			children = (
				365E54B328A25A5D00FF4173 /* Countries.swift */,
				365E54B628A25AA100FF4173 /* CountryDetail.swift */,
			);
			path = Model;
			sourceTree = "<group>";
		};
		365E54AA28A256FA00FF4173 /* Service */ = {
			isa = PBXGroup;
			children = (
				365E54AF28A2578A00FF4173 /* Endpoint.swift */,
				365E54B128A2592D00FF4173 /* JSONDataService.swift */,
			);
			path = Service;
			sourceTree = "<group>";
		};
		365E54AB28A256FF00FF4173 /* Utility */ = {
			isa = PBXGroup;
			children = (
				365E54B828A25AF700FF4173 /* NetworkingManager.swift */,
			);
			path = Utility;
			sourceTree = "<group>";
		};
		367C991528A26B6A00188064 /* CustomTabBar */ = {
			isa = PBXGroup;
			children = (
				367C991728A26B7100188064 /* CustomTabBarView.swift */,
				367C991628A26B7100188064 /* NavBarItem.swift */,
			);
			path = CustomTabBar;
			sourceTree = "<group>";
		};
		36C65CEF28A255420035ADC9 = {
			isa = PBXGroup;
			children = (
				365E54A328A2560E00FF4173 /* README.md */,
				36C65CFA28A255420035ADC9 /* Countries */,
				36C65CF928A255420035ADC9 /* Products */,
			);
			sourceTree = "<group>";
		};
		36C65CF928A255420035ADC9 /* Products */ = {
			isa = PBXGroup;
			children = (
				36C65CF828A255420035ADC9 /* Countries.app */,
			);
			name = Products;
			sourceTree = "<group>";
		};
		36C65CFA28A255420035ADC9 /* Countries */ = {
			isa = PBXGroup;
			children = (
				365E54A528A256D600FF4173 /* Extension */,
				365E54AB28A256FF00FF4173 /* Utility */,
				365E54AA28A256FA00FF4173 /* Service */,
				365E54A928A256F700FF4173 /* Model */,
				365E54A828A256F000FF4173 /* View */,
				365E54A728A256EB00FF4173 /* ViewModel */,
				365E54A628A256E400FF4173 /* Component */,
				36C65CFB28A255420035ADC9 /* CountriesApp.swift */,
				36C65CFF28A255430035ADC9 /* Assets.xcassets */,
				36C65D0128A255430035ADC9 /* Preview Content */,
			);
			path = Countries;
			sourceTree = "<group>";
		};
		36C65D0128A255430035ADC9 /* Preview Content */ = {
			isa = PBXGroup;
			children = (
				36C65D0228A255430035ADC9 /* Preview Assets.xcassets */,
			);
			path = "Preview Content";
			sourceTree = "<group>";
		};
/* End PBXGroup section */

/* Begin PBXNativeTarget section */
		36C65CF728A255420035ADC9 /* Countries */ = {
			isa = PBXNativeTarget;
			buildConfigurationList = 36C65D0628A255430035ADC9 /* Build configuration list for PBXNativeTarget "Countries" */;
			buildPhases = (
				36C65CF428A255420035ADC9 /* Sources */,
				36C65CF528A255420035ADC9 /* Frameworks */,
				36C65CF628A255420035ADC9 /* Resources */,
			);
			buildRules = (
			);
			dependencies = (
			);
			name = Countries;
			packageProductDependencies = (
				367C991F28A28C4900188064 /* AlertToast */,
			);
			productName = Countries;
			productReference = 36C65CF828A255420035ADC9 /* Countries.app */;
			productType = "com.apple.product-type.application";
		};
/* End PBXNativeTarget section */

/* Begin PBXProject section */
		36C65CF028A255420035ADC9 /* Project object */ = {
			isa = PBXProject;
			attributes = {
				BuildIndependentTargetsInParallel = 1;
				LastSwiftUpdateCheck = 1340;
				LastUpgradeCheck = 1340;
				TargetAttributes = {
					36C65CF728A255420035ADC9 = {
						CreatedOnToolsVersion = 13.4.1;
					};
				};
			};
			buildConfigurationList = 36C65CF328A255420035ADC9 /* Build configuration list for PBXProject "Countries" */;
			compatibilityVersion = "Xcode 13.0";
			developmentRegion = en;
			hasScannedForEncodings = 0;
			knownRegions = (
				en,
				Base,
			);
			mainGroup = 36C65CEF28A255420035ADC9;
			packageReferences = (
				367C991E28A28C4900188064 /* XCRemoteSwiftPackageReference "AlertToast" */,
			);
			productRefGroup = 36C65CF928A255420035ADC9 /* Products */;
			projectDirPath = "";
			projectRoot = "";
			targets = (
				36C65CF728A255420035ADC9 /* Countries */,
			);
		};
/* End PBXProject section */

/* Begin PBXResourcesBuildPhase section */
		36C65CF628A255420035ADC9 /* Resources */ = {
			isa = PBXResourcesBuildPhase;
			buildActionMask = 2147483647;
			files = (
				365E54A428A2560E00FF4173 /* README.md in Resources */,
				36C65D0328A255430035ADC9 /* Preview Assets.xcassets in Resources */,
				36C65D0028A255430035ADC9 /* Assets.xcassets in Resources */,
			);
			runOnlyForDeploymentPostprocessing = 0;
		};
/* End PBXResourcesBuildPhase section */

/* Begin PBXSourcesBuildPhase section */
		36C65CF428A255420035ADC9 /* Sources */ = {
			isa = PBXSourcesBuildPhase;
			buildActionMask = 2147483647;
			files = (
				367C991D28A2818700188064 /* Publisher.swift in Sources */,
				365E54B728A25AA100FF4173 /* CountryDetail.swift in Sources */,
				367C991928A26B7100188064 /* CustomTabBarView.swift in Sources */,
				365E54BB28A25C8F00FF4173 /* HomeView.swift in Sources */,
				365E54B228A2592D00FF4173 /* JSONDataService.swift in Sources */,
				367C991B28A2746E00188064 /* FullWidthButton.swift in Sources */,
				365E54BD28A25CE800FF4173 /* HomeViewModel.swift in Sources */,
				365E54B028A2578A00FF4173 /* Endpoint.swift in Sources */,
				365E54B428A25A5D00FF4173 /* Countries.swift in Sources */,
				367C991828A26B7100188064 /* NavBarItem.swift in Sources */,
				36C65CFC28A255420035ADC9 /* CountriesApp.swift in Sources */,
				365E54B928A25AF700FF4173 /* NetworkingManager.swift in Sources */,
			);
			runOnlyForDeploymentPostprocessing = 0;
		};
/* End PBXSourcesBuildPhase section */

/* Begin XCBuildConfiguration section */
		36C65D0428A255430035ADC9 /* Debug */ = {
			isa = XCBuildConfiguration;
			buildSettings = {
				ALWAYS_SEARCH_USER_PATHS = NO;
				CLANG_ANALYZER_NONNULL = YES;
				CLANG_ANALYZER_NUMBER_OBJECT_CONVERSION = YES_AGGRESSIVE;
				CLANG_CXX_LANGUAGE_STANDARD = "gnu++17";
				CLANG_ENABLE_MODULES = YES;
				CLANG_ENABLE_OBJC_ARC = YES;
				CLANG_ENABLE_OBJC_WEAK = YES;
				CLANG_WARN_BLOCK_CAPTURE_AUTORELEASING = YES;
				CLANG_WARN_BOOL_CONVERSION = YES;
				CLANG_WARN_COMMA = YES;
				CLANG_WARN_CONSTANT_CONVERSION = YES;
				CLANG_WARN_DEPRECATED_OBJC_IMPLEMENTATIONS = YES;
				CLANG_WARN_DIRECT_OBJC_ISA_USAGE = YES_ERROR;
				CLANG_WARN_DOCUMENTATION_COMMENTS = YES;
				CLANG_WARN_EMPTY_BODY = YES;
				CLANG_WARN_ENUM_CONVERSION = YES;
				CLANG_WARN_INFINITE_RECURSION = YES;
				CLANG_WARN_INT_CONVERSION = YES;
				CLANG_WARN_NON_LITERAL_NULL_CONVERSION = YES;
				CLANG_WARN_OBJC_IMPLICIT_RETAIN_SELF = YES;
				CLANG_WARN_OBJC_LITERAL_CONVERSION = YES;
				CLANG_WARN_OBJC_ROOT_CLASS = YES_ERROR;
				CLANG_WARN_QUOTED_INCLUDE_IN_FRAMEWORK_HEADER = YES;
				CLANG_WARN_RANGE_LOOP_ANALYSIS = YES;
				CLANG_WARN_STRICT_PROTOTYPES = YES;
				CLANG_WARN_SUSPICIOUS_MOVE = YES;
				CLANG_WARN_UNGUARDED_AVAILABILITY = YES_AGGRESSIVE;
				CLANG_WARN_UNREACHABLE_CODE = YES;
				CLANG_WARN__DUPLICATE_METHOD_MATCH = YES;
				COPY_PHASE_STRIP = NO;
				DEBUG_INFORMATION_FORMAT = dwarf;
				ENABLE_STRICT_OBJC_MSGSEND = YES;
				ENABLE_TESTABILITY = YES;
				GCC_C_LANGUAGE_STANDARD = gnu11;
				GCC_DYNAMIC_NO_PIC = NO;
				GCC_NO_COMMON_BLOCKS = YES;
				GCC_OPTIMIZATION_LEVEL = 0;
				GCC_PREPROCESSOR_DEFINITIONS = (
					"DEBUG=1",
					"$(inherited)",
				);
				GCC_WARN_64_TO_32_BIT_CONVERSION = YES;
				GCC_WARN_ABOUT_RETURN_TYPE = YES_ERROR;
				GCC_WARN_UNDECLARED_SELECTOR = YES;
				GCC_WARN_UNINITIALIZED_AUTOS = YES_AGGRESSIVE;
				GCC_WARN_UNUSED_FUNCTION = YES;
				GCC_WARN_UNUSED_VARIABLE = YES;
				IPHONEOS_DEPLOYMENT_TARGET = 15.5;
				MTL_ENABLE_DEBUG_INFO = INCLUDE_SOURCE;
				MTL_FAST_MATH = YES;
				ONLY_ACTIVE_ARCH = YES;
				SDKROOT = iphoneos;
				SWIFT_ACTIVE_COMPILATION_CONDITIONS = DEBUG;
				SWIFT_OPTIMIZATION_LEVEL = "-Onone";
			};
			name = Debug;
		};
		36C65D0528A255430035ADC9 /* Release */ = {
			isa = XCBuildConfiguration;
			buildSettings = {
				ALWAYS_SEARCH_USER_PATHS = NO;
				CLANG_ANALYZER_NONNULL = YES;
				CLANG_ANALYZER_NUMBER_OBJECT_CONVERSION = YES_AGGRESSIVE;
				CLANG_CXX_LANGUAGE_STANDARD = "gnu++17";
				CLANG_ENABLE_MODULES = YES;
				CLANG_ENABLE_OBJC_ARC = YES;
				CLANG_ENABLE_OBJC_WEAK = YES;
				CLANG_WARN_BLOCK_CAPTURE_AUTORELEASING = YES;
				CLANG_WARN_BOOL_CONVERSION = YES;
				CLANG_WARN_COMMA = YES;
				CLANG_WARN_CONSTANT_CONVERSION = YES;
				CLANG_WARN_DEPRECATED_OBJC_IMPLEMENTATIONS = YES;
				CLANG_WARN_DIRECT_OBJC_ISA_USAGE = YES_ERROR;
				CLANG_WARN_DOCUMENTATION_COMMENTS = YES;
				CLANG_WARN_EMPTY_BODY = YES;
				CLANG_WARN_ENUM_CONVERSION = YES;
				CLANG_WARN_INFINITE_RECURSION = YES;
				CLANG_WARN_INT_CONVERSION = YES;
				CLANG_WARN_NON_LITERAL_NULL_CONVERSION = YES;
				CLANG_WARN_OBJC_IMPLICIT_RETAIN_SELF = YES;
				CLANG_WARN_OBJC_LITERAL_CONVERSION = YES;
				CLANG_WARN_OBJC_ROOT_CLASS = YES_ERROR;
				CLANG_WARN_QUOTED_INCLUDE_IN_FRAMEWORK_HEADER = YES;
				CLANG_WARN_RANGE_LOOP_ANALYSIS = YES;
				CLANG_WARN_STRICT_PROTOTYPES = YES;
				CLANG_WARN_SUSPICIOUS_MOVE = YES;
				CLANG_WARN_UNGUARDED_AVAILABILITY = YES_AGGRESSIVE;
				CLANG_WARN_UNREACHABLE_CODE = YES;
				CLANG_WARN__DUPLICATE_METHOD_MATCH = YES;
				COPY_PHASE_STRIP = NO;
				DEBUG_INFORMATION_FORMAT = "dwarf-with-dsym";
				ENABLE_NS_ASSERTIONS = NO;
				ENABLE_STRICT_OBJC_MSGSEND = YES;
				GCC_C_LANGUAGE_STANDARD = gnu11;
				GCC_NO_COMMON_BLOCKS = YES;
				GCC_WARN_64_TO_32_BIT_CONVERSION = YES;
				GCC_WARN_ABOUT_RETURN_TYPE = YES_ERROR;
				GCC_WARN_UNDECLARED_SELECTOR = YES;
				GCC_WARN_UNINITIALIZED_AUTOS = YES_AGGRESSIVE;
				GCC_WARN_UNUSED_FUNCTION = YES;
				GCC_WARN_UNUSED_VARIABLE = YES;
				IPHONEOS_DEPLOYMENT_TARGET = 15.5;
				MTL_ENABLE_DEBUG_INFO = NO;
				MTL_FAST_MATH = YES;
				SDKROOT = iphoneos;
				SWIFT_COMPILATION_MODE = wholemodule;
				SWIFT_OPTIMIZATION_LEVEL = "-O";
				VALIDATE_PRODUCT = YES;
			};
			name = Release;
		};
		36C65D0728A255430035ADC9 /* Debug */ = {
			isa = XCBuildConfiguration;
			buildSettings = {
				ASSETCATALOG_COMPILER_APPICON_NAME = AppIcon;
				ASSETCATALOG_COMPILER_GLOBAL_ACCENT_COLOR_NAME = AccentColor;
				CODE_SIGN_STYLE = Automatic;
				CURRENT_PROJECT_VERSION = 1;
				DEVELOPMENT_ASSET_PATHS = "\"Countries/Preview Content\"";
				DEVELOPMENT_TEAM = 32L9LV3KSY;
				ENABLE_PREVIEWS = YES;
				GENERATE_INFOPLIST_FILE = YES;
				INFOPLIST_FILE = Countries/Info.plist;
				INFOPLIST_KEY_UIApplicationSceneManifest_Generation = YES;
				INFOPLIST_KEY_UIApplicationSupportsIndirectInputEvents = YES;
				INFOPLIST_KEY_UILaunchScreen_Generation = YES;
				INFOPLIST_KEY_UISupportedInterfaceOrientations_iPad = "UIInterfaceOrientationPortrait UIInterfaceOrientationPortraitUpsideDown UIInterfaceOrientationLandscapeLeft UIInterfaceOrientationLandscapeRight";
				INFOPLIST_KEY_UISupportedInterfaceOrientations_iPhone = "UIInterfaceOrientationPortrait UIInterfaceOrientationLandscapeLeft UIInterfaceOrientationLandscapeRight";
				LD_RUNPATH_SEARCH_PATHS = (
					"$(inherited)",
					"@executable_path/Frameworks",
				);
				MARKETING_VERSION = 1.0;
				PRODUCT_BUNDLE_IDENTIFIER = com.canbi.Countries;
				PRODUCT_NAME = "$(TARGET_NAME)";
				SWIFT_EMIT_LOC_STRINGS = YES;
				SWIFT_VERSION = 5.0;
				TARGETED_DEVICE_FAMILY = "1,2";
			};
			name = Debug;
		};
		36C65D0828A255430035ADC9 /* Release */ = {
			isa = XCBuildConfiguration;
			buildSettings = {
				ASSETCATALOG_COMPILER_APPICON_NAME = AppIcon;
				ASSETCATALOG_COMPILER_GLOBAL_ACCENT_COLOR_NAME = AccentColor;
				CODE_SIGN_STYLE = Automatic;
				CURRENT_PROJECT_VERSION = 1;
				DEVELOPMENT_ASSET_PATHS = "\"Countries/Preview Content\"";
				DEVELOPMENT_TEAM = 32L9LV3KSY;
				ENABLE_PREVIEWS = YES;
				GENERATE_INFOPLIST_FILE = YES;
				INFOPLIST_FILE = Countries/Info.plist;
				INFOPLIST_KEY_UIApplicationSceneManifest_Generation = YES;
				INFOPLIST_KEY_UIApplicationSupportsIndirectInputEvents = YES;
				INFOPLIST_KEY_UILaunchScreen_Generation = YES;
				INFOPLIST_KEY_UISupportedInterfaceOrientations_iPad = "UIInterfaceOrientationPortrait UIInterfaceOrientationPortraitUpsideDown UIInterfaceOrientationLandscapeLeft UIInterfaceOrientationLandscapeRight";
				INFOPLIST_KEY_UISupportedInterfaceOrientations_iPhone = "UIInterfaceOrientationPortrait UIInterfaceOrientationLandscapeLeft UIInterfaceOrientationLandscapeRight";
				LD_RUNPATH_SEARCH_PATHS = (
					"$(inherited)",
					"@executable_path/Frameworks",
				);
				MARKETING_VERSION = 1.0;
				PRODUCT_BUNDLE_IDENTIFIER = com.canbi.Countries;
				PRODUCT_NAME = "$(TARGET_NAME)";
				SWIFT_EMIT_LOC_STRINGS = YES;
				SWIFT_VERSION = 5.0;
				TARGETED_DEVICE_FAMILY = "1,2";
			};
			name = Release;
		};
/* End XCBuildConfiguration section */

/* Begin XCConfigurationList section */
		36C65CF328A255420035ADC9 /* Build configuration list for PBXProject "Countries" */ = {
			isa = XCConfigurationList;
			buildConfigurations = (
				36C65D0428A255430035ADC9 /* Debug */,
				36C65D0528A255430035ADC9 /* Release */,
			);
			defaultConfigurationIsVisible = 0;
			defaultConfigurationName = Release;
		};
		36C65D0628A255430035ADC9 /* Build configuration list for PBXNativeTarget "Countries" */ = {
			isa = XCConfigurationList;
			buildConfigurations = (
				36C65D0728A255430035ADC9 /* Debug */,
				36C65D0828A255430035ADC9 /* Release */,
			);
			defaultConfigurationIsVisible = 0;
			defaultConfigurationName = Release;
		};
/* End XCConfigurationList section */

/* Begin XCRemoteSwiftPackageReference section */
		367C991E28A28C4900188064 /* XCRemoteSwiftPackageReference "AlertToast" */ = {
			isa = XCRemoteSwiftPackageReference;
			repositoryURL = "https://github.com/elai950/AlertToast";
			requirement = {
				kind = upToNextMajorVersion;
				minimumVersion = 1.0.0;
			};
		};
/* End XCRemoteSwiftPackageReference section */

/* Begin XCSwiftPackageProductDependency section */
		367C991F28A28C4900188064 /* AlertToast */ = {
			isa = XCSwiftPackageProductDependency;
			package = 367C991E28A28C4900188064 /* XCRemoteSwiftPackageReference "AlertToast" */;
			productName = AlertToast;
		};
/* End XCSwiftPackageProductDependency section */
	};
	rootObject = 36C65CF028A255420035ADC9 /* Project object */;
}
